
Microsoft Visual Studio Solution File, Format Version 12.00
# Visual Studio Version 17
VisualStudioVersion = 17.9.34902.65
MinimumVisualStudioVersion = 10.0.40219.1
Project("{9A19103F-16F7-4668-BE54-9A1E7A4F7556}") = "FiCon", "FiCon.csproj", "{C930F20A-88CD-4ADD-9D29-F667F6CAE24D}"
EndProject
Global
	GlobalSection(SolutionConfigurationPlatforms) = preSolution
		Debug|Any CPU = Debug|Any CPU
		Release|Any CPU = Release|Any CPU
	EndGlobalSection
	GlobalSection(ProjectConfigurationPlatforms) = postSolution
		{C930F20A-88CD-4ADD-9D29-F667F6CAE24D}.Debug|Any CPU.ActiveCfg = Debug|Any CPU
		{C930F20A-88CD-4ADD-9D29-F667F6CAE24D}.Debug|Any CPU.Build.0 = Debug|Any CPU
		{C930F20A-88CD-4ADD-9D29-F667F6CAE24D}.Release|Any CPU.ActiveCfg = Release|Any CPU
		{C930F20A-88CD-4ADD-9D29-F667F6CAE24D}.Release|Any CPU.Build.0 = Release|Any CPU
	EndGlobalSection
	GlobalSection(SolutionProperties) = preSolution
		HideSolutionNode = FALSE
	EndGlobalSection
	GlobalSection(ExtensibilityGlobals) = postSolution
		SolutionGuid = {59AA24FE-717E-4D2F-86A6-1829FA001586}
	EndGlobalSection
EndGlobal
